
Microsoft Visual Studio Solution File, Format Version 12.00
# Visual Studio Version 16
VisualStudioVersion = 16.0.30413.136
MinimumVisualStudioVersion = 10.0.40219.1
Project("{FAE04EC0-301F-11D3-BF4B-00C04F79EFBC}") = "UniversityInformation", "UniversityInformation\UniversityInformation.csproj", "{F3065BA5-6098-4128-A98D-A1EB16C8C4F2}"
EndProject
Project("{FAE04EC0-301F-11D3-BF4B-00C04F79EFBC}") = "University.Entities", "University.Entities\University.Entities.csproj", "{F164D7A2-7ABC-4FB0-B24F-ADA8B18446AC}"
EndProject
Project("{FAE04EC0-301F-11D3-BF4B-00C04F79EFBC}") = "University.DataAccess", "University.DataAccess\University.DataAccess.csproj", "{8DFE06D0-D33D-4E8E-BCF8-9838ECF3AB1E}"
EndProject
Project("{FAE04EC0-301F-11D3-BF4B-00C04F79EFBC}") = "University.Business", "University.Business\University.Business.csproj", "{EDE6FB31-9C5A-4E3F-84DF-6ED37DCD15C0}"
EndProject
Project("{FAE04EC0-301F-11D3-BF4B-00C04F79EFBC}") = "University.Core", "University.Core\University.Core.csproj", "{F24B34F5-C169-4969-B294-8ABE73391C2E}"
EndProject
Global
	GlobalSection(SolutionConfigurationPlatforms) = preSolution
		Debug|Any CPU = Debug|Any CPU
		Release|Any CPU = Release|Any CPU
	EndGlobalSection
	GlobalSection(ProjectConfigurationPlatforms) = postSolution
		{F3065BA5-6098-4128-A98D-A1EB16C8C4F2}.Debug|Any CPU.ActiveCfg = Debug|Any CPU
		{F3065BA5-6098-4128-A98D-A1EB16C8C4F2}.Debug|Any CPU.Build.0 = Debug|Any CPU
		{F3065BA5-6098-4128-A98D-A1EB16C8C4F2}.Release|Any CPU.ActiveCfg = Release|Any CPU
		{F3065BA5-6098-4128-A98D-A1EB16C8C4F2}.Release|Any CPU.Build.0 = Release|Any CPU
		{F164D7A2-7ABC-4FB0-B24F-ADA8B18446AC}.Debug|Any CPU.ActiveCfg = Debug|Any CPU
		{F164D7A2-7ABC-4FB0-B24F-ADA8B18446AC}.Debug|Any CPU.Build.0 = Debug|Any CPU
		{F164D7A2-7ABC-4FB0-B24F-ADA8B18446AC}.Release|Any CPU.ActiveCfg = Release|Any CPU
		{F164D7A2-7ABC-4FB0-B24F-ADA8B18446AC}.Release|Any CPU.Build.0 = Release|Any CPU
		{8DFE06D0-D33D-4E8E-BCF8-9838ECF3AB1E}.Debug|Any CPU.ActiveCfg = Debug|Any CPU
		{8DFE06D0-D33D-4E8E-BCF8-9838ECF3AB1E}.Debug|Any CPU.Build.0 = Debug|Any CPU
		{8DFE06D0-D33D-4E8E-BCF8-9838ECF3AB1E}.Release|Any CPU.ActiveCfg = Release|Any CPU
		{8DFE06D0-D33D-4E8E-BCF8-9838ECF3AB1E}.Release|Any CPU.Build.0 = Release|Any CPU
		{EDE6FB31-9C5A-4E3F-84DF-6ED37DCD15C0}.Debug|Any CPU.ActiveCfg = Debug|Any CPU
		{EDE6FB31-9C5A-4E3F-84DF-6ED37DCD15C0}.Debug|Any CPU.Build.0 = Debug|Any CPU
		{EDE6FB31-9C5A-4E3F-84DF-6ED37DCD15C0}.Release|Any CPU.ActiveCfg = Release|Any CPU
		{EDE6FB31-9C5A-4E3F-84DF-6ED37DCD15C0}.Release|Any CPU.Build.0 = Release|Any CPU
		{F24B34F5-C169-4969-B294-8ABE73391C2E}.Debug|Any CPU.ActiveCfg = Debug|Any CPU
		{F24B34F5-C169-4969-B294-8ABE73391C2E}.Debug|Any CPU.Build.0 = Debug|Any CPU
		{F24B34F5-C169-4969-B294-8ABE73391C2E}.Release|Any CPU.ActiveCfg = Release|Any CPU
		{F24B34F5-C169-4969-B294-8ABE73391C2E}.Release|Any CPU.Build.0 = Release|Any CPU
	EndGlobalSection
	GlobalSection(SolutionProperties) = preSolution
		HideSolutionNode = FALSE
	EndGlobalSection
	GlobalSection(ExtensibilityGlobals) = postSolution
		SolutionGuid = {B34EDC2B-90B7-4BF6-8333-84AE9F0C7557}
	EndGlobalSection
EndGlobal
